
Microsoft Visual Studio Solution File, Format Version 12.00
# Visual Studio Version 16
VisualStudioVersion = 16.0.30225.117
MinimumVisualStudioVersion = 10.0.40219.1
Project("{FAE04EC0-301F-11D3-BF4B-00C04F79EFBC}") = "GetRequest", "GetRequest\GetRequest.csproj", "{A17D60F7-A4F4-4D11-BC92-673322CFDC39}"
EndProject
Global
	GlobalSection(SolutionConfigurationPlatforms) = preSolution
		Debug|Any CPU = Debug|Any CPU
		Release|Any CPU = Release|Any CPU
	EndGlobalSection
	GlobalSection(ProjectConfigurationPlatforms) = postSolution
		{A17D60F7-A4F4-4D11-BC92-673322CFDC39}.Debug|Any CPU.ActiveCfg = Debug|Any CPU
		{A17D60F7-A4F4-4D11-BC92-673322CFDC39}.Debug|Any CPU.Build.0 = Debug|Any CPU
		{A17D60F7-A4F4-4D11-BC92-673322CFDC39}.Release|Any CPU.ActiveCfg = Release|Any CPU
		{A17D60F7-A4F4-4D11-BC92-673322CFDC39}.Release|Any CPU.Build.0 = Release|Any CPU
	EndGlobalSection
	GlobalSection(SolutionProperties) = preSolution
		HideSolutionNode = FALSE
	EndGlobalSection
	GlobalSection(ExtensibilityGlobals) = postSolution
		SolutionGuid = {4D7FC8C2-BB48-44D8-B2F0-4E5E4ECFD60B}
	EndGlobalSection
EndGlobal
